
Microsoft Visual Studio Solution File, Format Version 10.00
# Visual Studio 2008
Project("{8BC9CEB8-8B4A-11D0-8D11-00A0C91BC942}") = "rdesktopce", "rdesktopce_vs2008.vcproj", "{9AF43C6E-FD90-46C6-8524-2D54083DD103}"
EndProject
Project("{FAE04EC0-301F-11D3-BF4B-00C04F79EFBC}") = "RDPman", "..\RDPman\RDPman.csproj", "{9FC2BE7C-BE0F-4883-80D8-F39061354755}"
EndProject
Global
	GlobalSection(SubversionScc) = preSolution
		Svn-Managed = True
		Manager = AnkhSVN - Subversion Support for Visual Studio
	EndGlobalSection
	GlobalSection(SolutionConfigurationPlatforms) = preSolution
		Debug|Any CPU = Debug|Any CPU
		Debug|Mixed Platforms = Debug|Mixed Platforms
		Debug|Windows Mobile 5.0 Pocket PC SDK (ARMV4I) = Debug|Windows Mobile 5.0 Pocket PC SDK (ARMV4I)
		Release|Any CPU = Release|Any CPU
		Release|Mixed Platforms = Release|Mixed Platforms
		Release|Windows Mobile 5.0 Pocket PC SDK (ARMV4I) = Release|Windows Mobile 5.0 Pocket PC SDK (ARMV4I)
		WM5lowres_debug|Any CPU = WM5lowres_debug|Any CPU
		WM5lowres_debug|Mixed Platforms = WM5lowres_debug|Mixed Platforms
		WM5lowres_debug|Windows Mobile 5.0 Pocket PC SDK (ARMV4I) = WM5lowres_debug|Windows Mobile 5.0 Pocket PC SDK (ARMV4I)
		WM5lowres_release|Any CPU = WM5lowres_release|Any CPU
		WM5lowres_release|Mixed Platforms = WM5lowres_release|Mixed Platforms
		WM5lowres_release|Windows Mobile 5.0 Pocket PC SDK (ARMV4I) = WM5lowres_release|Windows Mobile 5.0 Pocket PC SDK (ARMV4I)
	EndGlobalSection
	GlobalSection(ProjectConfigurationPlatforms) = postSolution
		{9AF43C6E-FD90-46C6-8524-2D54083DD103}.Debug|Any CPU.ActiveCfg = Debug|Windows Mobile 5.0 Pocket PC SDK (ARMV4I)
		{9AF43C6E-FD90-46C6-8524-2D54083DD103}.Debug|Any CPU.Build.0 = Debug|Windows Mobile 5.0 Pocket PC SDK (ARMV4I)
		{9AF43C6E-FD90-46C6-8524-2D54083DD103}.Debug|Mixed Platforms.ActiveCfg = Debug|Windows Mobile 5.0 Pocket PC SDK (ARMV4I)
		{9AF43C6E-FD90-46C6-8524-2D54083DD103}.Debug|Mixed Platforms.Build.0 = Debug|Windows Mobile 5.0 Pocket PC SDK (ARMV4I)
		{9AF43C6E-FD90-46C6-8524-2D54083DD103}.Debug|Mixed Platforms.Deploy.0 = Debug|Windows Mobile 5.0 Pocket PC SDK (ARMV4I)
		{9AF43C6E-FD90-46C6-8524-2D54083DD103}.Debug|Windows Mobile 5.0 Pocket PC SDK (ARMV4I).ActiveCfg = Debug|Windows Mobile 5.0 Pocket PC SDK (ARMV4I)
		{9AF43C6E-FD90-46C6-8524-2D54083DD103}.Release|Any CPU.ActiveCfg = Release|Windows Mobile 5.0 Pocket PC SDK (ARMV4I)
		{9AF43C6E-FD90-46C6-8524-2D54083DD103}.Release|Mixed Platforms.ActiveCfg = Release|Windows Mobile 5.0 Pocket PC SDK (ARMV4I)
		{9AF43C6E-FD90-46C6-8524-2D54083DD103}.Release|Mixed Platforms.Build.0 = Release|Windows Mobile 5.0 Pocket PC SDK (ARMV4I)
		{9AF43C6E-FD90-46C6-8524-2D54083DD103}.Release|Mixed Platforms.Deploy.0 = Release|Windows Mobile 5.0 Pocket PC SDK (ARMV4I)
		{9AF43C6E-FD90-46C6-8524-2D54083DD103}.Release|Windows Mobile 5.0 Pocket PC SDK (ARMV4I).ActiveCfg = Release|Windows Mobile 5.0 Pocket PC SDK (ARMV4I)
		{9AF43C6E-FD90-46C6-8524-2D54083DD103}.Release|Windows Mobile 5.0 Pocket PC SDK (ARMV4I).Build.0 = Release|Windows Mobile 5.0 Pocket PC SDK (ARMV4I)
		{9AF43C6E-FD90-46C6-8524-2D54083DD103}.WM5lowres_debug|Any CPU.ActiveCfg = WM5lowres_debug|STANDARDSDK_420 (ARMV4I)
		{9AF43C6E-FD90-46C6-8524-2D54083DD103}.WM5lowres_debug|Mixed Platforms.ActiveCfg = WM5lowres_debug|STANDARDSDK_420 (ARMV4I)
		{9AF43C6E-FD90-46C6-8524-2D54083DD103}.WM5lowres_debug|Mixed Platforms.Build.0 = WM5lowres_debug|STANDARDSDK_420 (ARMV4I)
		{9AF43C6E-FD90-46C6-8524-2D54083DD103}.WM5lowres_debug|Mixed Platforms.Deploy.0 = WM5lowres_debug|STANDARDSDK_420 (ARMV4I)
		{9AF43C6E-FD90-46C6-8524-2D54083DD103}.WM5lowres_debug|Windows Mobile 5.0 Pocket PC SDK (ARMV4I).ActiveCfg = WM5lowres_debug|Windows Mobile 5.0 Pocket PC SDK (ARMV4I)
		{9AF43C6E-FD90-46C6-8524-2D54083DD103}.WM5lowres_debug|Windows Mobile 5.0 Pocket PC SDK (ARMV4I).Build.0 = WM5lowres_debug|Windows Mobile 5.0 Pocket PC SDK (ARMV4I)
		{9AF43C6E-FD90-46C6-8524-2D54083DD103}.WM5lowres_release|Any CPU.ActiveCfg = WM5lowres_release|STANDARDSDK_420 (ARMV4I)
		{9AF43C6E-FD90-46C6-8524-2D54083DD103}.WM5lowres_release|Any CPU.Build.0 = WM5lowres_release|STANDARDSDK_420 (ARMV4I)
		{9AF43C6E-FD90-46C6-8524-2D54083DD103}.WM5lowres_release|Mixed Platforms.ActiveCfg = WM5lowres_release|STANDARDSDK_420 (ARMV4I)
		{9AF43C6E-FD90-46C6-8524-2D54083DD103}.WM5lowres_release|Mixed Platforms.Build.0 = WM5lowres_release|STANDARDSDK_420 (ARMV4I)
		{9AF43C6E-FD90-46C6-8524-2D54083DD103}.WM5lowres_release|Mixed Platforms.Deploy.0 = WM5lowres_release|STANDARDSDK_420 (ARMV4I)
		{9AF43C6E-FD90-46C6-8524-2D54083DD103}.WM5lowres_release|Windows Mobile 5.0 Pocket PC SDK (ARMV4I).ActiveCfg = WM5lowres_release|Windows Mobile 5.0 Pocket PC SDK (ARMV4I)
		{9AF43C6E-FD90-46C6-8524-2D54083DD103}.WM5lowres_release|Windows Mobile 5.0 Pocket PC SDK (ARMV4I).Build.0 = WM5lowres_release|Windows Mobile 5.0 Pocket PC SDK (ARMV4I)
		{9FC2BE7C-BE0F-4883-80D8-F39061354755}.Debug|Any CPU.ActiveCfg = Debug|Any CPU
		{9FC2BE7C-BE0F-4883-80D8-F39061354755}.Debug|Mixed Platforms.ActiveCfg = Debug|Any CPU
		{9FC2BE7C-BE0F-4883-80D8-F39061354755}.Debug|Windows Mobile 5.0 Pocket PC SDK (ARMV4I).ActiveCfg = Debug|Any CPU
		{9FC2BE7C-BE0F-4883-80D8-F39061354755}.Debug|Windows Mobile 5.0 Pocket PC SDK (ARMV4I).Build.0 = Debug|Any CPU
		{9FC2BE7C-BE0F-4883-80D8-F39061354755}.Debug|Windows Mobile 5.0 Pocket PC SDK (ARMV4I).Deploy.0 = Debug|Any CPU
		{9FC2BE7C-BE0F-4883-80D8-F39061354755}.Release|Any CPU.ActiveCfg = Release|Any CPU
		{9FC2BE7C-BE0F-4883-80D8-F39061354755}.Release|Any CPU.Build.0 = Release|Any CPU
		{9FC2BE7C-BE0F-4883-80D8-F39061354755}.Release|Any CPU.Deploy.0 = Release|Any CPU
		{9FC2BE7C-BE0F-4883-80D8-F39061354755}.Release|Mixed Platforms.ActiveCfg = Release|Any CPU
		{9FC2BE7C-BE0F-4883-80D8-F39061354755}.Release|Mixed Platforms.Build.0 = Release|Any CPU
		{9FC2BE7C-BE0F-4883-80D8-F39061354755}.Release|Mixed Platforms.Deploy.0 = Release|Any CPU
		{9FC2BE7C-BE0F-4883-80D8-F39061354755}.Release|Windows Mobile 5.0 Pocket PC SDK (ARMV4I).ActiveCfg = Release|Any CPU
		{9FC2BE7C-BE0F-4883-80D8-F39061354755}.WM5lowres_debug|Any CPU.ActiveCfg = WM5lowres_debug|Any CPU
		{9FC2BE7C-BE0F-4883-80D8-F39061354755}.WM5lowres_debug|Any CPU.Build.0 = WM5lowres_debug|Any CPU
		{9FC2BE7C-BE0F-4883-80D8-F39061354755}.WM5lowres_debug|Any CPU.Deploy.0 = WM5lowres_debug|Any CPU
		{9FC2BE7C-BE0F-4883-80D8-F39061354755}.WM5lowres_debug|Mixed Platforms.ActiveCfg = WM5lowres_debug|Any CPU
		{9FC2BE7C-BE0F-4883-80D8-F39061354755}.WM5lowres_debug|Mixed Platforms.Build.0 = WM5lowres_debug|Any CPU
		{9FC2BE7C-BE0F-4883-80D8-F39061354755}.WM5lowres_debug|Mixed Platforms.Deploy.0 = WM5lowres_debug|Any CPU
		{9FC2BE7C-BE0F-4883-80D8-F39061354755}.WM5lowres_debug|Windows Mobile 5.0 Pocket PC SDK (ARMV4I).ActiveCfg = WM5lowres_debug|Any CPU
		{9FC2BE7C-BE0F-4883-80D8-F39061354755}.WM5lowres_release|Any CPU.ActiveCfg = WM5lowres_release|Any CPU
		{9FC2BE7C-BE0F-4883-80D8-F39061354755}.WM5lowres_release|Any CPU.Build.0 = WM5lowres_release|Any CPU
		{9FC2BE7C-BE0F-4883-80D8-F39061354755}.WM5lowres_release|Any CPU.Deploy.0 = WM5lowres_release|Any CPU
		{9FC2BE7C-BE0F-4883-80D8-F39061354755}.WM5lowres_release|Mixed Platforms.ActiveCfg = WM5lowres_release|Any CPU
		{9FC2BE7C-BE0F-4883-80D8-F39061354755}.WM5lowres_release|Mixed Platforms.Build.0 = WM5lowres_release|Any CPU
		{9FC2BE7C-BE0F-4883-80D8-F39061354755}.WM5lowres_release|Mixed Platforms.Deploy.0 = WM5lowres_release|Any CPU
		{9FC2BE7C-BE0F-4883-80D8-F39061354755}.WM5lowres_release|Windows Mobile 5.0 Pocket PC SDK (ARMV4I).ActiveCfg = WM5lowres_release|Any CPU
	EndGlobalSection
	GlobalSection(SolutionProperties) = preSolution
		HideSolutionNode = FALSE
	EndGlobalSection
EndGlobal
